// !$*UTF8*$!
{
	archiveVersion = 1;
	classes = {
	};
	objectVersion = 50;
	objects = {

/* Begin PBXBuildFile section */
		8417BC83266400BE0092A704 /* Airports.swift in Sources */ = {isa = PBXBuildFile; fileRef = 8417BC82266400BE0092A704 /* Airports.swift */; };
		8417BC882664010E0092A704 /* PlanViewController.swift in Sources */ = {isa = PBXBuildFile; fileRef = 8417BC872664010E0092A704 /* PlanViewController.swift */; };
		8417BC8D266405650092A704 /* DetailViewController.swift in Sources */ = {isa = PBXBuildFile; fileRef = 8417BC8C266405650092A704 /* DetailViewController.swift */; };
		8472227E265C3E04003236AA /* AppDelegate.swift in Sources */ = {isa = PBXBuildFile; fileRef = 8472227D265C3E04003236AA /* AppDelegate.swift */; };
		84722280265C3E04003236AA /* SceneDelegate.swift in Sources */ = {isa = PBXBuildFile; fileRef = 8472227F265C3E04003236AA /* SceneDelegate.swift */; };
		84722282265C3E04003236AA /* ViewController.swift in Sources */ = {isa = PBXBuildFile; fileRef = 84722281265C3E04003236AA /* ViewController.swift */; };
		84722285265C3E04003236AA /* Main.storyboard in Resources */ = {isa = PBXBuildFile; fileRef = 84722283265C3E04003236AA /* Main.storyboard */; };
		84722287265C3E06003236AA /* Assets.xcassets in Resources */ = {isa = PBXBuildFile; fileRef = 84722286265C3E06003236AA /* Assets.xcassets */; };
		8472228A265C3E06003236AA /* LaunchScreen.storyboard in Resources */ = {isa = PBXBuildFile; fileRef = 84722288265C3E06003236AA /* LaunchScreen.storyboard */; };
		84722295265C3E06003236AA /* lowcosttripTests.swift in Sources */ = {isa = PBXBuildFile; fileRef = 84722294265C3E06003236AA /* lowcosttripTests.swift */; };
		847222A0265C3E06003236AA /* lowcosttripUITests.swift in Sources */ = {isa = PBXBuildFile; fileRef = 8472229F265C3E06003236AA /* lowcosttripUITests.swift */; };
		848300772661355500763099 /* MapViewController.swift in Sources */ = {isa = PBXBuildFile; fileRef = 848300762661355500763099 /* MapViewController.swift */; };
/* End PBXBuildFile section */

/* Begin PBXContainerItemProxy section */
		84722291265C3E06003236AA /* PBXContainerItemProxy */ = {
			isa = PBXContainerItemProxy;
			containerPortal = 84722272265C3E04003236AA /* Project object */;
			proxyType = 1;
			remoteGlobalIDString = 84722279265C3E04003236AA;
			remoteInfo = lowcosttrip;
		};
		8472229C265C3E06003236AA /* PBXContainerItemProxy */ = {
			isa = PBXContainerItemProxy;
			containerPortal = 84722272265C3E04003236AA /* Project object */;
			proxyType = 1;
			remoteGlobalIDString = 84722279265C3E04003236AA;
			remoteInfo = lowcosttrip;
		};
/* End PBXContainerItemProxy section */

/* Begin PBXFileReference section */
		8417BC82266400BE0092A704 /* Airports.swift */ = {isa = PBXFileReference; lastKnownFileType = sourcecode.swift; path = Airports.swift; sourceTree = "<group>"; };
		8417BC872664010E0092A704 /* PlanViewController.swift */ = {isa = PBXFileReference; lastKnownFileType = sourcecode.swift; path = PlanViewController.swift; sourceTree = "<group>"; };
		8417BC8C266405650092A704 /* DetailViewController.swift */ = {isa = PBXFileReference; lastKnownFileType = sourcecode.swift; path = DetailViewController.swift; sourceTree = "<group>"; };
		8472227A265C3E04003236AA /* lowcosttrip.app */ = {isa = PBXFileReference; explicitFileType = wrapper.application; includeInIndex = 0; path = lowcosttrip.app; sourceTree = BUILT_PRODUCTS_DIR; };
		8472227D265C3E04003236AA /* AppDelegate.swift */ = {isa = PBXFileReference; lastKnownFileType = sourcecode.swift; path = AppDelegate.swift; sourceTree = "<group>"; };
		8472227F265C3E04003236AA /* SceneDelegate.swift */ = {isa = PBXFileReference; lastKnownFileType = sourcecode.swift; path = SceneDelegate.swift; sourceTree = "<group>"; };
		84722281265C3E04003236AA /* ViewController.swift */ = {isa = PBXFileReference; lastKnownFileType = sourcecode.swift; path = ViewController.swift; sourceTree = "<group>"; };
		84722284265C3E04003236AA /* Base */ = {isa = PBXFileReference; lastKnownFileType = file.storyboard; name = Base; path = Base.lproj/Main.storyboard; sourceTree = "<group>"; };
		84722286265C3E06003236AA /* Assets.xcassets */ = {isa = PBXFileReference; lastKnownFileType = folder.assetcatalog; path = Assets.xcassets; sourceTree = "<group>"; };
		84722289265C3E06003236AA /* Base */ = {isa = PBXFileReference; lastKnownFileType = file.storyboard; name = Base; path = Base.lproj/LaunchScreen.storyboard; sourceTree = "<group>"; };
		8472228B265C3E06003236AA /* Info.plist */ = {isa = PBXFileReference; lastKnownFileType = text.plist.xml; path = Info.plist; sourceTree = "<group>"; };
		84722290265C3E06003236AA /* lowcosttripTests.xctest */ = {isa = PBXFileReference; explicitFileType = wrapper.cfbundle; includeInIndex = 0; path = lowcosttripTests.xctest; sourceTree = BUILT_PRODUCTS_DIR; };
		84722294265C3E06003236AA /* lowcosttripTests.swift */ = {isa = PBXFileReference; lastKnownFileType = sourcecode.swift; path = lowcosttripTests.swift; sourceTree = "<group>"; };
		84722296265C3E06003236AA /* Info.plist */ = {isa = PBXFileReference; lastKnownFileType = text.plist.xml; path = Info.plist; sourceTree = "<group>"; };
		8472229B265C3E06003236AA /* lowcosttripUITests.xctest */ = {isa = PBXFileReference; explicitFileType = wrapper.cfbundle; includeInIndex = 0; path = lowcosttripUITests.xctest; sourceTree = BUILT_PRODUCTS_DIR; };
		8472229F265C3E06003236AA /* lowcosttripUITests.swift */ = {isa = PBXFileReference; lastKnownFileType = sourcecode.swift; path = lowcosttripUITests.swift; sourceTree = "<group>"; };
		847222A1265C3E06003236AA /* Info.plist */ = {isa = PBXFileReference; lastKnownFileType = text.plist.xml; path = Info.plist; sourceTree = "<group>"; };
		848300762661355500763099 /* MapViewController.swift */ = {isa = PBXFileReference; lastKnownFileType = sourcecode.swift; path = MapViewController.swift; sourceTree = "<group>"; };
/* End PBXFileReference section */

/* Begin PBXFrameworksBuildPhase section */
		84722277265C3E04003236AA /* Frameworks */ = {
			isa = PBXFrameworksBuildPhase;
			buildActionMask = 2147483647;
			files = (
			);
			runOnlyForDeploymentPostprocessing = 0;
		};
		8472228D265C3E06003236AA /* Frameworks */ = {
			isa = PBXFrameworksBuildPhase;
			buildActionMask = 2147483647;
			files = (
			);
			runOnlyForDeploymentPostprocessing = 0;
		};
		84722298265C3E06003236AA /* Frameworks */ = {
			isa = PBXFrameworksBuildPhase;
			buildActionMask = 2147483647;
			files = (
			);
			runOnlyForDeploymentPostprocessing = 0;
		};
/* End PBXFrameworksBuildPhase section */

/* Begin PBXGroup section */
		8417BC81266400A10092A704 /* Models */ = {
			isa = PBXGroup;
			children = (
				8417BC82266400BE0092A704 /* Airports.swift */,
			);
			path = Models;
			sourceTree = "<group>";
		};
		84722271265C3E04003236AA = {
			isa = PBXGroup;
			children = (
				8472227C265C3E04003236AA /* lowcosttrip */,
				84722293265C3E06003236AA /* lowcosttripTests */,
				8472229E265C3E06003236AA /* lowcosttripUITests */,
				8472227B265C3E04003236AA /* Products */,
			);
			sourceTree = "<group>";
		};
		8472227B265C3E04003236AA /* Products */ = {
			isa = PBXGroup;
			children = (
				8472227A265C3E04003236AA /* lowcosttrip.app */,
				84722290265C3E06003236AA /* lowcosttripTests.xctest */,
				8472229B265C3E06003236AA /* lowcosttripUITests.xctest */,
			);
			name = Products;
			sourceTree = "<group>";
		};
		8472227C265C3E04003236AA /* lowcosttrip */ = {
			isa = PBXGroup;
			children = (
				8417BC81266400A10092A704 /* Models */,
				8472227D265C3E04003236AA /* AppDelegate.swift */,
				8472227F265C3E04003236AA /* SceneDelegate.swift */,
				84722281265C3E04003236AA /* ViewController.swift */,
				84722283265C3E04003236AA /* Main.storyboard */,
				84722286265C3E06003236AA /* Assets.xcassets */,
				84722288265C3E06003236AA /* LaunchScreen.storyboard */,
				8472228B265C3E06003236AA /* Info.plist */,
				848300762661355500763099 /* MapViewController.swift */,
				8417BC872664010E0092A704 /* PlanViewController.swift */,
				8417BC8C266405650092A704 /* DetailViewController.swift */,
			);
			path = lowcosttrip;
			sourceTree = "<group>";
		};
		84722293265C3E06003236AA /* lowcosttripTests */ = {
			isa = PBXGroup;
			children = (
				84722294265C3E06003236AA /* lowcosttripTests.swift */,
				84722296265C3E06003236AA /* Info.plist */,
			);
			path = lowcosttripTests;
			sourceTree = "<group>";
		};
		8472229E265C3E06003236AA /* lowcosttripUITests */ = {
			isa = PBXGroup;
			children = (
				8472229F265C3E06003236AA /* lowcosttripUITests.swift */,
				847222A1265C3E06003236AA /* Info.plist */,
			);
			path = lowcosttripUITests;
			sourceTree = "<group>";
		};
/* End PBXGroup section */

/* Begin PBXNativeTarget section */
		84722279265C3E04003236AA /* lowcosttrip */ = {
			isa = PBXNativeTarget;
			buildConfigurationList = 847222A4265C3E06003236AA /* Build configuration list for PBXNativeTarget "lowcosttrip" */;
			buildPhases = (
				84722276265C3E04003236AA /* Sources */,
				84722277265C3E04003236AA /* Frameworks */,
				84722278265C3E04003236AA /* Resources */,
			);
			buildRules = (
			);
			dependencies = (
			);
			name = lowcosttrip;
			productName = lowcosttrip;
			productReference = 8472227A265C3E04003236AA /* lowcosttrip.app */;
			productType = "com.apple.product-type.application";
		};
		8472228F265C3E06003236AA /* lowcosttripTests */ = {
			isa = PBXNativeTarget;
			buildConfigurationList = 847222A7265C3E06003236AA /* Build configuration list for PBXNativeTarget "lowcosttripTests" */;
			buildPhases = (
				8472228C265C3E06003236AA /* Sources */,
				8472228D265C3E06003236AA /* Frameworks */,
				8472228E265C3E06003236AA /* Resources */,
			);
			buildRules = (
			);
			dependencies = (
				84722292265C3E06003236AA /* PBXTargetDependency */,
			);
			name = lowcosttripTests;
			productName = lowcosttripTests;
			productReference = 84722290265C3E06003236AA /* lowcosttripTests.xctest */;
			productType = "com.apple.product-type.bundle.unit-test";
		};
		8472229A265C3E06003236AA /* lowcosttripUITests */ = {
			isa = PBXNativeTarget;
			buildConfigurationList = 847222AA265C3E06003236AA /* Build configuration list for PBXNativeTarget "lowcosttripUITests" */;
			buildPhases = (
				84722297265C3E06003236AA /* Sources */,
				84722298265C3E06003236AA /* Frameworks */,
				84722299265C3E06003236AA /* Resources */,
			);
			buildRules = (
			);
			dependencies = (
				8472229D265C3E06003236AA /* PBXTargetDependency */,
			);
			name = lowcosttripUITests;
			productName = lowcosttripUITests;
			productReference = 8472229B265C3E06003236AA /* lowcosttripUITests.xctest */;
			productType = "com.apple.product-type.bundle.ui-testing";
		};
/* End PBXNativeTarget section */

/* Begin PBXProject section */
		84722272265C3E04003236AA /* Project object */ = {
			isa = PBXProject;
			attributes = {
				LastSwiftUpdateCheck = 1240;
				LastUpgradeCheck = 1240;
				TargetAttributes = {
					84722279265C3E04003236AA = {
						CreatedOnToolsVersion = 12.4;
					};
					8472228F265C3E06003236AA = {
						CreatedOnToolsVersion = 12.4;
						TestTargetID = 84722279265C3E04003236AA;
					};
					8472229A265C3E06003236AA = {
						CreatedOnToolsVersion = 12.4;
						TestTargetID = 84722279265C3E04003236AA;
					};
				};
			};
			buildConfigurationList = 84722275265C3E04003236AA /* Build configuration list for PBXProject "lowcosttrip" */;
			compatibilityVersion = "Xcode 9.3";
			developmentRegion = en;
			hasScannedForEncodings = 0;
			knownRegions = (
				en,
				Base,
			);
			mainGroup = 84722271265C3E04003236AA;
			productRefGroup = 8472227B265C3E04003236AA /* Products */;
			projectDirPath = "";
			projectRoot = "";
			targets = (
				84722279265C3E04003236AA /* lowcosttrip */,
				8472228F265C3E06003236AA /* lowcosttripTests */,
				8472229A265C3E06003236AA /* lowcosttripUITests */,
			);
		};
/* End PBXProject section */

/* Begin PBXResourcesBuildPhase section */
		84722278265C3E04003236AA /* Resources */ = {
			isa = PBXResourcesBuildPhase;
			buildActionMask = 2147483647;
			files = (
				8472228A265C3E06003236AA /* LaunchScreen.storyboard in Resources */,
				84722287265C3E06003236AA /* Assets.xcassets in Resources */,
				84722285265C3E04003236AA /* Main.storyboard in Resources */,
			);
			runOnlyForDeploymentPostprocessing = 0;
		};
		8472228E265C3E06003236AA /* Resources */ = {
			isa = PBXResourcesBuildPhase;
			buildActionMask = 2147483647;
			files = (
			);
			runOnlyForDeploymentPostprocessing = 0;
		};
		84722299265C3E06003236AA /* Resources */ = {
			isa = PBXResourcesBuildPhase;
			buildActionMask = 2147483647;
			files = (
			);
			runOnlyForDeploymentPostprocessing = 0;
		};
/* End PBXResourcesBuildPhase section */

/* Begin PBXSourcesBuildPhase section */
		84722276265C3E04003236AA /* Sources */ = {
			isa = PBXSourcesBuildPhase;
			buildActionMask = 2147483647;
			files = (
				84722282265C3E04003236AA /* ViewController.swift in Sources */,
				8472227E265C3E04003236AA /* AppDelegate.swift in Sources */,
				8417BC83266400BE0092A704 /* Airports.swift in Sources */,
				84722280265C3E04003236AA /* SceneDelegate.swift in Sources */,
				848300772661355500763099 /* MapViewController.swift in Sources */,
				8417BC882664010E0092A704 /* PlanViewController.swift in Sources */,
				8417BC8D266405650092A704 /* DetailViewController.swift in Sources */,
			);
			runOnlyForDeploymentPostprocessing = 0;
		};
		8472228C265C3E06003236AA /* Sources */ = {
			isa = PBXSourcesBuildPhase;
			buildActionMask = 2147483647;
			files = (
				84722295265C3E06003236AA /* lowcosttripTests.swift in Sources */,
			);
			runOnlyForDeploymentPostprocessing = 0;
		};
		84722297265C3E06003236AA /* Sources */ = {
			isa = PBXSourcesBuildPhase;
			buildActionMask = 2147483647;
			files = (
				847222A0265C3E06003236AA /* lowcosttripUITests.swift in Sources */,
			);
			runOnlyForDeploymentPostprocessing = 0;
		};
/* End PBXSourcesBuildPhase section */

/* Begin PBXTargetDependency section */
		84722292265C3E06003236AA /* PBXTargetDependency */ = {
			isa = PBXTargetDependency;
			target = 84722279265C3E04003236AA /* lowcosttrip */;
			targetProxy = 84722291265C3E06003236AA /* PBXContainerItemProxy */;
		};
		8472229D265C3E06003236AA /* PBXTargetDependency */ = {
			isa = PBXTargetDependency;
			target = 84722279265C3E04003236AA /* lowcosttrip */;
			targetProxy = 8472229C265C3E06003236AA /* PBXContainerItemProxy */;
		};
/* End PBXTargetDependency section */

/* Begin PBXVariantGroup section */
		84722283265C3E04003236AA /* Main.storyboard */ = {
			isa = PBXVariantGroup;
			children = (
				84722284265C3E04003236AA /* Base */,
			);
			name = Main.storyboard;
			sourceTree = "<group>";
		};
		84722288265C3E06003236AA /* LaunchScreen.storyboard */ = {
			isa = PBXVariantGroup;
			children = (
				84722289265C3E06003236AA /* Base */,
			);
			name = LaunchScreen.storyboard;
			sourceTree = "<group>";
		};
/* End PBXVariantGroup section */

/* Begin XCBuildConfiguration section */
		847222A2265C3E06003236AA /* Debug */ = {
			isa = XCBuildConfiguration;
			buildSettings = {
				ALWAYS_SEARCH_USER_PATHS = NO;
				CLANG_ANALYZER_NONNULL = YES;
				CLANG_ANALYZER_NUMBER_OBJECT_CONVERSION = YES_AGGRESSIVE;
				CLANG_CXX_LANGUAGE_STANDARD = "gnu++14";
				CLANG_CXX_LIBRARY = "libc++";
				CLANG_ENABLE_MODULES = YES;
				CLANG_ENABLE_OBJC_ARC = YES;
				CLANG_ENABLE_OBJC_WEAK = YES;
				CLANG_WARN_BLOCK_CAPTURE_AUTORELEASING = YES;
				CLANG_WARN_BOOL_CONVERSION = YES;
				CLANG_WARN_COMMA = YES;
				CLANG_WARN_CONSTANT_CONVERSION = YES;
				CLANG_WARN_DEPRECATED_OBJC_IMPLEMENTATIONS = YES;
				CLANG_WARN_DIRECT_OBJC_ISA_USAGE = YES_ERROR;
				CLANG_WARN_DOCUMENTATION_COMMENTS = YES;
				CLANG_WARN_EMPTY_BODY = YES;
				CLANG_WARN_ENUM_CONVERSION = YES;
				CLANG_WARN_INFINITE_RECURSION = YES;
				CLANG_WARN_INT_CONVERSION = YES;
				CLANG_WARN_NON_LITERAL_NULL_CONVERSION = YES;
				CLANG_WARN_OBJC_IMPLICIT_RETAIN_SELF = YES;
				CLANG_WARN_OBJC_LITERAL_CONVERSION = YES;
				CLANG_WARN_OBJC_ROOT_CLASS = YES_ERROR;
				CLANG_WARN_QUOTED_INCLUDE_IN_FRAMEWORK_HEADER = YES;
				CLANG_WARN_RANGE_LOOP_ANALYSIS = YES;
				CLANG_WARN_STRICT_PROTOTYPES = YES;
				CLANG_WARN_SUSPICIOUS_MOVE = YES;
				CLANG_WARN_UNGUARDED_AVAILABILITY = YES_AGGRESSIVE;
				CLANG_WARN_UNREACHABLE_CODE = YES;
				CLANG_WARN__DUPLICATE_METHOD_MATCH = YES;
				COPY_PHASE_STRIP = NO;
				DEBUG_INFORMATION_FORMAT = dwarf;
				ENABLE_STRICT_OBJC_MSGSEND = YES;
				ENABLE_TESTABILITY = YES;
				GCC_C_LANGUAGE_STANDARD = gnu11;
				GCC_DYNAMIC_NO_PIC = NO;
				GCC_NO_COMMON_BLOCKS = YES;
				GCC_OPTIMIZATION_LEVEL = 0;
				GCC_PREPROCESSOR_DEFINITIONS = (
					"DEBUG=1",
					"$(inherited)",
				);
				GCC_WARN_64_TO_32_BIT_CONVERSION = YES;
				GCC_WARN_ABOUT_RETURN_TYPE = YES_ERROR;
				GCC_WARN_UNDECLARED_SELECTOR = YES;
				GCC_WARN_UNINITIALIZED_AUTOS = YES_AGGRESSIVE;
				GCC_WARN_UNUSED_FUNCTION = YES;
				GCC_WARN_UNUSED_VARIABLE = YES;
				IPHONEOS_DEPLOYMENT_TARGET = 14.4;
				MTL_ENABLE_DEBUG_INFO = INCLUDE_SOURCE;
				MTL_FAST_MATH = YES;
				ONLY_ACTIVE_ARCH = YES;
				SDKROOT = iphoneos;
				SWIFT_ACTIVE_COMPILATION_CONDITIONS = DEBUG;
				SWIFT_OPTIMIZATION_LEVEL = "-Onone";
			};
			name = Debug;
		};
		847222A3265C3E06003236AA /* Release */ = {
			isa = XCBuildConfiguration;
			buildSettings = {
				ALWAYS_SEARCH_USER_PATHS = NO;
				CLANG_ANALYZER_NONNULL = YES;
				CLANG_ANALYZER_NUMBER_OBJECT_CONVERSION = YES_AGGRESSIVE;
				CLANG_CXX_LANGUAGE_STANDARD = "gnu++14";
				CLANG_CXX_LIBRARY = "libc++";
				CLANG_ENABLE_MODULES = YES;
				CLANG_ENABLE_OBJC_ARC = YES;
				CLANG_ENABLE_OBJC_WEAK = YES;
				CLANG_WARN_BLOCK_CAPTURE_AUTORELEASING = YES;
				CLANG_WARN_BOOL_CONVERSION = YES;
				CLANG_WARN_COMMA = YES;
				CLANG_WARN_CONSTANT_CONVERSION = YES;
				CLANG_WARN_DEPRECATED_OBJC_IMPLEMENTATIONS = YES;
				CLANG_WARN_DIRECT_OBJC_ISA_USAGE = YES_ERROR;
				CLANG_WARN_DOCUMENTATION_COMMENTS = YES;
				CLANG_WARN_EMPTY_BODY = YES;
				CLANG_WARN_ENUM_CONVERSION = YES;
				CLANG_WARN_INFINITE_RECURSION = YES;
				CLANG_WARN_INT_CONVERSION = YES;
				CLANG_WARN_NON_LITERAL_NULL_CONVERSION = YES;
				CLANG_WARN_OBJC_IMPLICIT_RETAIN_SELF = YES;
				CLANG_WARN_OBJC_LITERAL_CONVERSION = YES;
				CLANG_WARN_OBJC_ROOT_CLASS = YES_ERROR;
				CLANG_WARN_QUOTED_INCLUDE_IN_FRAMEWORK_HEADER = YES;
				CLANG_WARN_RANGE_LOOP_ANALYSIS = YES;
				CLANG_WARN_STRICT_PROTOTYPES = YES;
				CLANG_WARN_SUSPICIOUS_MOVE = YES;
				CLANG_WARN_UNGUARDED_AVAILABILITY = YES_AGGRESSIVE;
				CLANG_WARN_UNREACHABLE_CODE = YES;
				CLANG_WARN__DUPLICATE_METHOD_MATCH = YES;
				COPY_PHASE_STRIP = NO;
				DEBUG_INFORMATION_FORMAT = "dwarf-with-dsym";
				ENABLE_NS_ASSERTIONS = NO;
				ENABLE_STRICT_OBJC_MSGSEND = YES;
				GCC_C_LANGUAGE_STANDARD = gnu11;
				GCC_NO_COMMON_BLOCKS = YES;
				GCC_WARN_64_TO_32_BIT_CONVERSION = YES;
				GCC_WARN_ABOUT_RETURN_TYPE = YES_ERROR;
				GCC_WARN_UNDECLARED_SELECTOR = YES;
				GCC_WARN_UNINITIALIZED_AUTOS = YES_AGGRESSIVE;
				GCC_WARN_UNUSED_FUNCTION = YES;
				GCC_WARN_UNUSED_VARIABLE = YES;
				IPHONEOS_DEPLOYMENT_TARGET = 14.4;
				MTL_ENABLE_DEBUG_INFO = NO;
				MTL_FAST_MATH = YES;
				SDKROOT = iphoneos;
				SWIFT_COMPILATION_MODE = wholemodule;
				SWIFT_OPTIMIZATION_LEVEL = "-O";
				VALIDATE_PRODUCT = YES;
			};
			name = Release;
		};
		847222A5265C3E06003236AA /* Debug */ = {
			isa = XCBuildConfiguration;
			buildSettings = {
				ASSETCATALOG_COMPILER_APPICON_NAME = AppIcon;
				ASSETCATALOG_COMPILER_GLOBAL_ACCENT_COLOR_NAME = AccentColor;
				CODE_SIGN_STYLE = Automatic;
				INFOPLIST_FILE = lowcosttrip/Info.plist;
				LD_RUNPATH_SEARCH_PATHS = (
					"$(inherited)",
					"@executable_path/Frameworks",
				);
				PRODUCT_BUNDLE_IDENTIFIER = mipt.lowcosttrip;
				PRODUCT_NAME = "$(TARGET_NAME)";
				SWIFT_VERSION = 5.0;
				TARGETED_DEVICE_FAMILY = 1;
			};
			name = Debug;
		};
		847222A6265C3E06003236AA /* Release */ = {
			isa = XCBuildConfiguration;
			buildSettings = {
				ASSETCATALOG_COMPILER_APPICON_NAME = AppIcon;
				ASSETCATALOG_COMPILER_GLOBAL_ACCENT_COLOR_NAME = AccentColor;
				CODE_SIGN_STYLE = Automatic;
				INFOPLIST_FILE = lowcosttrip/Info.plist;
				LD_RUNPATH_SEARCH_PATHS = (
					"$(inherited)",
					"@executable_path/Frameworks",
				);
				PRODUCT_BUNDLE_IDENTIFIER = mipt.lowcosttrip;
				PRODUCT_NAME = "$(TARGET_NAME)";
				SWIFT_VERSION = 5.0;
				TARGETED_DEVICE_FAMILY = 1;
			};
			name = Release;
		};
		847222A8265C3E06003236AA /* Debug */ = {
			isa = XCBuildConfiguration;
			buildSettings = {
				ALWAYS_EMBED_SWIFT_STANDARD_LIBRARIES = YES;
				BUNDLE_LOADER = "$(TEST_HOST)";
				CODE_SIGN_STYLE = Automatic;
				INFOPLIST_FILE = lowcosttripTests/Info.plist;
				IPHONEOS_DEPLOYMENT_TARGET = 14.4;
				LD_RUNPATH_SEARCH_PATHS = (
					"$(inherited)",
					"@executable_path/Frameworks",
					"@loader_path/Frameworks",
				);
				PRODUCT_BUNDLE_IDENTIFIER = mipt.lowcosttripTests;
				PRODUCT_NAME = "$(TARGET_NAME)";
				SWIFT_VERSION = 5.0;
				TARGETED_DEVICE_FAMILY = "1,2";
				TEST_HOST = "$(BUILT_PRODUCTS_DIR)/lowcosttrip.app/lowcosttrip";
			};
			name = Debug;
		};
		847222A9265C3E06003236AA /* Release */ = {
			isa = XCBuildConfiguration;
			buildSettings = {
				ALWAYS_EMBED_SWIFT_STANDARD_LIBRARIES = YES;
				BUNDLE_LOADER = "$(TEST_HOST)";
				CODE_SIGN_STYLE = Automatic;
				INFOPLIST_FILE = lowcosttripTests/Info.plist;
				IPHONEOS_DEPLOYMENT_TARGET = 14.4;
				LD_RUNPATH_SEARCH_PATHS = (
					"$(inherited)",
					"@executable_path/Frameworks",
					"@loader_path/Frameworks",
				);
				PRODUCT_BUNDLE_IDENTIFIER = mipt.lowcosttripTests;
				PRODUCT_NAME = "$(TARGET_NAME)";
				SWIFT_VERSION = 5.0;
				TARGETED_DEVICE_FAMILY = "1,2";
				TEST_HOST = "$(BUILT_PRODUCTS_DIR)/lowcosttrip.app/lowcosttrip";
			};
			name = Release;
		};
		847222AB265C3E06003236AA /* Debug */ = {
			isa = XCBuildConfiguration;
			buildSettings = {
				ALWAYS_EMBED_SWIFT_STANDARD_LIBRARIES = YES;
				CODE_SIGN_STYLE = Automatic;
				INFOPLIST_FILE = lowcosttripUITests/Info.plist;
				LD_RUNPATH_SEARCH_PATHS = (
					"$(inherited)",
					"@executable_path/Frameworks",
					"@loader_path/Frameworks",
				);
				PRODUCT_BUNDLE_IDENTIFIER = mipt.lowcosttripUITests;
				PRODUCT_NAME = "$(TARGET_NAME)";
				SWIFT_VERSION = 5.0;
				TARGETED_DEVICE_FAMILY = "1,2";
				TEST_TARGET_NAME = lowcosttrip;
			};
			name = Debug;
		};
		847222AC265C3E06003236AA /* Release */ = {
			isa = XCBuildConfiguration;
			buildSettings = {
				ALWAYS_EMBED_SWIFT_STANDARD_LIBRARIES = YES;
				CODE_SIGN_STYLE = Automatic;
				INFOPLIST_FILE = lowcosttripUITests/Info.plist;
				LD_RUNPATH_SEARCH_PATHS = (
					"$(inherited)",
					"@executable_path/Frameworks",
					"@loader_path/Frameworks",
				);
				PRODUCT_BUNDLE_IDENTIFIER = mipt.lowcosttripUITests;
				PRODUCT_NAME = "$(TARGET_NAME)";
				SWIFT_VERSION = 5.0;
				TARGETED_DEVICE_FAMILY = "1,2";
				TEST_TARGET_NAME = lowcosttrip;
			};
			name = Release;
		};
/* End XCBuildConfiguration section */

/* Begin XCConfigurationList section */
		84722275265C3E04003236AA /* Build configuration list for PBXProject "lowcosttrip" */ = {
			isa = XCConfigurationList;
			buildConfigurations = (
				847222A2265C3E06003236AA /* Debug */,
				847222A3265C3E06003236AA /* Release */,
			);
			defaultConfigurationIsVisible = 0;
			defaultConfigurationName = Release;
		};
		847222A4265C3E06003236AA /* Build configuration list for PBXNativeTarget "lowcosttrip" */ = {
			isa = XCConfigurationList;
			buildConfigurations = (
				847222A5265C3E06003236AA /* Debug */,
				847222A6265C3E06003236AA /* Release */,
			);
			defaultConfigurationIsVisible = 0;
			defaultConfigurationName = Release;
		};
		847222A7265C3E06003236AA /* Build configuration list for PBXNativeTarget "lowcosttripTests" */ = {
			isa = XCConfigurationList;
			buildConfigurations = (
				847222A8265C3E06003236AA /* Debug */,
				847222A9265C3E06003236AA /* Release */,
			);
			defaultConfigurationIsVisible = 0;
			defaultConfigurationName = Release;
		};
		847222AA265C3E06003236AA /* Build configuration list for PBXNativeTarget "lowcosttripUITests" */ = {
			isa = XCConfigurationList;
			buildConfigurations = (
				847222AB265C3E06003236AA /* Debug */,
				847222AC265C3E06003236AA /* Release */,
			);
			defaultConfigurationIsVisible = 0;
			defaultConfigurationName = Release;
		};
/* End XCConfigurationList section */
	};
	rootObject = 84722272265C3E04003236AA /* Project object */;
}
